// !$*UTF8*$!
{
	archiveVersion = 1;
	classes = {
	};
	objectVersion = 48;
	objects = {

/* Begin PBXBuildFile section */
		1A8352622125281A0087AA4E /* AudioAPI.swift in Sources */ = {isa = PBXBuildFile; fileRef = 1A8352612125281A0087AA4E /* AudioAPI.swift */; };
		1A95F97821258A9B00F1E21E /* BalanceObserver.swift in Sources */ = {isa = PBXBuildFile; fileRef = 1A95F97721258A9B00F1E21E /* BalanceObserver.swift */; };
		1AA48E192125D576006DFA25 /* Assets.xcassets in Resources */ = {isa = PBXBuildFile; fileRef = 45EC38E31F9F510200C20FBB /* Assets.xcassets */; };
		1AE47B81222D53E4007EEA58 /* Repeat.framework in Frameworks */ = {isa = PBXBuildFile; fileRef = 1AE47B80222D53E4007EEA58 /* Repeat.framework */; };
		1AE47B82222D53E4007EEA58 /* Repeat.framework in Embed Frameworks */ = {isa = PBXBuildFile; fileRef = 1AE47B80222D53E4007EEA58 /* Repeat.framework */; settings = {ATTRIBUTES = (CodeSignOnCopy, RemoveHeadersOnCopy, ); }; };
		1AE47B85222D5426007EEA58 /* Repeat.framework.dSYM in CopyFiles */ = {isa = PBXBuildFile; fileRef = 1AE47B84222D5426007EEA58 /* Repeat.framework.dSYM */; settings = {ATTRIBUTES = (CodeSignOnCopy, ); }; };
		458662091FA1F15D00D0C6D2 /* StatusMenuController.swift in Sources */ = {isa = PBXBuildFile; fileRef = 458662081FA1F15D00D0C6D2 /* StatusMenuController.swift */; };
		45EC38E21F9F510200C20FBB /* AppDelegate.swift in Sources */ = {isa = PBXBuildFile; fileRef = 45EC38E11F9F510200C20FBB /* AppDelegate.swift */; };
		45EC38E71F9F510200C20FBB /* MainMenu.xib in Resources */ = {isa = PBXBuildFile; fileRef = 45EC38E51F9F510200C20FBB /* MainMenu.xib */; };
/* End PBXBuildFile section */

/* Begin PBXCopyFilesBuildPhase section */
		1AE47B83222D540B007EEA58 /* CopyFiles */ = {
			isa = PBXCopyFilesBuildPhase;
			buildActionMask = 2147483647;
			dstPath = "";
			dstSubfolderSpec = 7;
			files = (
				1AE47B85222D5426007EEA58 /* Repeat.framework.dSYM in CopyFiles */,
			);
			runOnlyForDeploymentPostprocessing = 0;
		};
		456EF1C51FA55CBB0042FB56 /* Embed Frameworks */ = {
			isa = PBXCopyFilesBuildPhase;
			buildActionMask = 2147483647;
			dstPath = "";
			dstSubfolderSpec = 10;
			files = (
				1AE47B82222D53E4007EEA58 /* Repeat.framework in Embed Frameworks */,
			);
			name = "Embed Frameworks";
			runOnlyForDeploymentPostprocessing = 0;
		};
/* End PBXCopyFilesBuildPhase section */

/* Begin PBXFileReference section */
		1A8352612125281A0087AA4E /* AudioAPI.swift */ = {isa = PBXFileReference; lastKnownFileType = sourcecode.swift; path = AudioAPI.swift; sourceTree = "<group>"; };
		1A95F97721258A9B00F1E21E /* BalanceObserver.swift */ = {isa = PBXFileReference; lastKnownFileType = sourcecode.swift; path = BalanceObserver.swift; sourceTree = "<group>"; };
		1AE47B7D222D5380007EEA58 /* Repeat.framework */ = {isa = PBXFileReference; lastKnownFileType = wrapper.framework; name = Repeat.framework; path = Carthage/Build/Mac/Repeat.framework; sourceTree = "<group>"; };
		1AE47B80222D53E4007EEA58 /* Repeat.framework */ = {isa = PBXFileReference; lastKnownFileType = wrapper.framework; name = Repeat.framework; path = Carthage/Build/Mac/Repeat.framework; sourceTree = "<group>"; };
		1AE47B84222D5426007EEA58 /* Repeat.framework.dSYM */ = {isa = PBXFileReference; lastKnownFileType = wrapper.dsym; name = Repeat.framework.dSYM; path = Carthage/Build/Mac/Repeat.framework.dSYM; sourceTree = "<group>"; };
		458662081FA1F15D00D0C6D2 /* StatusMenuController.swift */ = {isa = PBXFileReference; lastKnownFileType = sourcecode.swift; path = StatusMenuController.swift; sourceTree = "<group>"; };
		45EC38DE1F9F510200C20FBB /* ballast.app */ = {isa = PBXFileReference; explicitFileType = wrapper.application; includeInIndex = 0; path = ballast.app; sourceTree = BUILT_PRODUCTS_DIR; };
		45EC38E11F9F510200C20FBB /* AppDelegate.swift */ = {isa = PBXFileReference; lastKnownFileType = sourcecode.swift; path = AppDelegate.swift; sourceTree = "<group>"; };
		45EC38E31F9F510200C20FBB /* Assets.xcassets */ = {isa = PBXFileReference; lastKnownFileType = folder.assetcatalog; path = Assets.xcassets; sourceTree = "<group>"; };
		45EC38E61F9F510200C20FBB /* Base */ = {isa = PBXFileReference; lastKnownFileType = file.xib; name = Base; path = Base.lproj/MainMenu.xib; sourceTree = "<group>"; };
		45EC38E81F9F510200C20FBB /* Info.plist */ = {isa = PBXFileReference; lastKnownFileType = text.plist.xml; path = Info.plist; sourceTree = "<group>"; };
		45EC38E91F9F510200C20FBB /* ballast.entitlements */ = {isa = PBXFileReference; lastKnownFileType = text.plist.entitlements; path = ballast.entitlements; sourceTree = "<group>"; };
/* End PBXFileReference section */

/* Begin PBXFrameworksBuildPhase section */
		45EC38DB1F9F510200C20FBB /* Frameworks */ = {
			isa = PBXFrameworksBuildPhase;
			buildActionMask = 2147483647;
			files = (
				1AE47B81222D53E4007EEA58 /* Repeat.framework in Frameworks */,
			);
			runOnlyForDeploymentPostprocessing = 0;
		};
/* End PBXFrameworksBuildPhase section */

/* Begin PBXGroup section */
		1A81D82C21AEF179009612BB /* Frameworks */ = {
			isa = PBXGroup;
			children = (
			);
			name = Frameworks;
			sourceTree = "<group>";
		};
		45EC38D51F9F510200C20FBB = {
			isa = PBXGroup;
			children = (
				1AE47B84222D5426007EEA58 /* Repeat.framework.dSYM */,
				1AE47B7D222D5380007EEA58 /* Repeat.framework */,
				1AE47B80222D53E4007EEA58 /* Repeat.framework */,
				45EC38E01F9F510200C20FBB /* ballast */,
				45EC38DF1F9F510200C20FBB /* Products */,
				1A81D82C21AEF179009612BB /* Frameworks */,
			);
			sourceTree = "<group>";
		};
		45EC38DF1F9F510200C20FBB /* Products */ = {
			isa = PBXGroup;
			children = (
				45EC38DE1F9F510200C20FBB /* ballast.app */,
			);
			name = Products;
			sourceTree = "<group>";
		};
		45EC38E01F9F510200C20FBB /* ballast */ = {
			isa = PBXGroup;
			children = (
				45EC38E11F9F510200C20FBB /* AppDelegate.swift */,
				1A8352612125281A0087AA4E /* AudioAPI.swift */,
				1A95F97721258A9B00F1E21E /* BalanceObserver.swift */,
				458662081FA1F15D00D0C6D2 /* StatusMenuController.swift */,
				45EC38E31F9F510200C20FBB /* Assets.xcassets */,
				45EC38E51F9F510200C20FBB /* MainMenu.xib */,
				45EC38E81F9F510200C20FBB /* Info.plist */,
				45EC38E91F9F510200C20FBB /* ballast.entitlements */,
			);
			path = ballast;
			sourceTree = "<group>";
		};
/* End PBXGroup section */

/* Begin PBXNativeTarget section */
		45EC38DD1F9F510200C20FBB /* ballast */ = {
			isa = PBXNativeTarget;
			buildConfigurationList = 45EC38EC1F9F510200C20FBB /* Build configuration list for PBXNativeTarget "ballast" */;
			buildPhases = (
				45EC38DA1F9F510200C20FBB /* Sources */,
				45EC38DB1F9F510200C20FBB /* Frameworks */,
				45EC38DC1F9F510200C20FBB /* Resources */,
				456EF1C51FA55CBB0042FB56 /* Embed Frameworks */,
				456EF1C11FA55C170042FB56 /* ShellScript */,
				1AE47B83222D540B007EEA58 /* CopyFiles */,
			);
			buildRules = (
			);
			dependencies = (
			);
			name = ballast;
			productName = ballast;
			productReference = 45EC38DE1F9F510200C20FBB /* ballast.app */;
			productType = "com.apple.product-type.application";
		};
/* End PBXNativeTarget section */

/* Begin PBXProject section */
		45EC38D61F9F510200C20FBB /* Project object */ = {
			isa = PBXProject;
			attributes = {
				LastSwiftUpdateCheck = 0900;
				LastUpgradeCheck = 0940;
				ORGANIZATIONNAME = "Jamie Sinclair";
				TargetAttributes = {
					45EC38DD1F9F510200C20FBB = {
						CreatedOnToolsVersion = 9.0.1;
						ProvisioningStyle = Manual;
					};
				};
			};
			buildConfigurationList = 45EC38D91F9F510200C20FBB /* Build configuration list for PBXProject "ballast" */;
			compatibilityVersion = "Xcode 8.0";
			developmentRegion = en;
			hasScannedForEncodings = 0;
			knownRegions = (
				en,
				Base,
			);
			mainGroup = 45EC38D51F9F510200C20FBB;
			productRefGroup = 45EC38DF1F9F510200C20FBB /* Products */;
			projectDirPath = "";
			projectRoot = "";
			targets = (
				45EC38DD1F9F510200C20FBB /* ballast */,
			);
		};
/* End PBXProject section */

/* Begin PBXResourcesBuildPhase section */
		45EC38DC1F9F510200C20FBB /* Resources */ = {
			isa = PBXResourcesBuildPhase;
			buildActionMask = 2147483647;
			files = (
				1AA48E192125D576006DFA25 /* Assets.xcassets in Resources */,
				45EC38E71F9F510200C20FBB /* MainMenu.xib in Resources */,
			);
			runOnlyForDeploymentPostprocessing = 0;
		};
/* End PBXResourcesBuildPhase section */

/* Begin PBXShellScriptBuildPhase section */
		456EF1C11FA55C170042FB56 /* ShellScript */ = {
			isa = PBXShellScriptBuildPhase;
			buildActionMask = 2147483647;
			files = (
			);
			inputPaths = (
			);
			outputPaths = (
			);
			runOnlyForDeploymentPostprocessing = 0;
			shellPath = /bin/sh;
			shellScript = "";
			showEnvVarsInLog = 0;
		};
/* End PBXShellScriptBuildPhase section */

/* Begin PBXSourcesBuildPhase section */
		45EC38DA1F9F510200C20FBB /* Sources */ = {
			isa = PBXSourcesBuildPhase;
			buildActionMask = 2147483647;
			files = (
				458662091FA1F15D00D0C6D2 /* StatusMenuController.swift in Sources */,
				1A95F97821258A9B00F1E21E /* BalanceObserver.swift in Sources */,
				45EC38E21F9F510200C20FBB /* AppDelegate.swift in Sources */,
				1A8352622125281A0087AA4E /* AudioAPI.swift in Sources */,
			);
			runOnlyForDeploymentPostprocessing = 0;
		};
/* End PBXSourcesBuildPhase section */

/* Begin PBXVariantGroup section */
		45EC38E51F9F510200C20FBB /* MainMenu.xib */ = {
			isa = PBXVariantGroup;
			children = (
				45EC38E61F9F510200C20FBB /* Base */,
			);
			name = MainMenu.xib;
			sourceTree = "<group>";
		};
/* End PBXVariantGroup section */

/* Begin XCBuildConfiguration section */
		45EC38EA1F9F510200C20FBB /* Debug */ = {
			isa = XCBuildConfiguration;
			buildSettings = {
				ALWAYS_SEARCH_USER_PATHS = NO;
				CLANG_ANALYZER_NONNULL = YES;
				CLANG_ANALYZER_NUMBER_OBJECT_CONVERSION = YES_AGGRESSIVE;
				CLANG_CXX_LANGUAGE_STANDARD = "gnu++14";
				CLANG_CXX_LIBRARY = "libc++";
				CLANG_ENABLE_MODULES = YES;
				CLANG_ENABLE_OBJC_ARC = YES;
				CLANG_WARN_BLOCK_CAPTURE_AUTORELEASING = YES;
				CLANG_WARN_BOOL_CONVERSION = YES;
				CLANG_WARN_COMMA = YES;
				CLANG_WARN_CONSTANT_CONVERSION = YES;
				CLANG_WARN_DEPRECATED_OBJC_IMPLEMENTATIONS = YES;
				CLANG_WARN_DIRECT_OBJC_ISA_USAGE = YES_ERROR;
				CLANG_WARN_DOCUMENTATION_COMMENTS = YES;
				CLANG_WARN_EMPTY_BODY = YES;
				CLANG_WARN_ENUM_CONVERSION = YES;
				CLANG_WARN_INFINITE_RECURSION = YES;
				CLANG_WARN_INT_CONVERSION = YES;
				CLANG_WARN_NON_LITERAL_NULL_CONVERSION = YES;
				CLANG_WARN_OBJC_IMPLICIT_RETAIN_SELF = YES;
				CLANG_WARN_OBJC_LITERAL_CONVERSION = YES;
				CLANG_WARN_OBJC_ROOT_CLASS = YES_ERROR;
				CLANG_WARN_RANGE_LOOP_ANALYSIS = YES;
				CLANG_WARN_STRICT_PROTOTYPES = YES;
				CLANG_WARN_SUSPICIOUS_MOVE = YES;
				CLANG_WARN_UNGUARDED_AVAILABILITY = YES_AGGRESSIVE;
				CLANG_WARN_UNREACHABLE_CODE = YES;
				CLANG_WARN__DUPLICATE_METHOD_MATCH = YES;
				CODE_SIGN_IDENTITY = "-";
				COPY_PHASE_STRIP = NO;
				DEBUG_INFORMATION_FORMAT = dwarf;
				ENABLE_STRICT_OBJC_MSGSEND = YES;
				ENABLE_TESTABILITY = YES;
				GCC_C_LANGUAGE_STANDARD = gnu11;
				GCC_DYNAMIC_NO_PIC = NO;
				GCC_NO_COMMON_BLOCKS = YES;
				GCC_OPTIMIZATION_LEVEL = 0;
				GCC_PREPROCESSOR_DEFINITIONS = (
					"DEBUG=1",
					"$(inherited)",
				);
				GCC_WARN_64_TO_32_BIT_CONVERSION = YES;
				GCC_WARN_ABOUT_RETURN_TYPE = YES_ERROR;
				GCC_WARN_UNDECLARED_SELECTOR = YES;
				GCC_WARN_UNINITIALIZED_AUTOS = YES_AGGRESSIVE;
				GCC_WARN_UNUSED_FUNCTION = YES;
				GCC_WARN_UNUSED_VARIABLE = YES;
				MACOSX_DEPLOYMENT_TARGET = 10.12;
				MTL_ENABLE_DEBUG_INFO = YES;
				ONLY_ACTIVE_ARCH = YES;
				SDKROOT = macosx;
				SWIFT_ACTIVE_COMPILATION_CONDITIONS = DEBUG;
				SWIFT_OPTIMIZATION_LEVEL = "-Onone";
			};
			name = Debug;
		};
		45EC38EB1F9F510200C20FBB /* Release */ = {
			isa = XCBuildConfiguration;
			buildSettings = {
				ALWAYS_SEARCH_USER_PATHS = NO;
				CLANG_ANALYZER_NONNULL = YES;
				CLANG_ANALYZER_NUMBER_OBJECT_CONVERSION = YES_AGGRESSIVE;
				CLANG_CXX_LANGUAGE_STANDARD = "gnu++14";
				CLANG_CXX_LIBRARY = "libc++";
				CLANG_ENABLE_MODULES = YES;
				CLANG_ENABLE_OBJC_ARC = YES;
				CLANG_WARN_BLOCK_CAPTURE_AUTORELEASING = YES;
				CLANG_WARN_BOOL_CONVERSION = YES;
				CLANG_WARN_COMMA = YES;
				CLANG_WARN_CONSTANT_CONVERSION = YES;
				CLANG_WARN_DEPRECATED_OBJC_IMPLEMENTATIONS = YES;
				CLANG_WARN_DIRECT_OBJC_ISA_USAGE = YES_ERROR;
				CLANG_WARN_DOCUMENTATION_COMMENTS = YES;
				CLANG_WARN_EMPTY_BODY = YES;
				CLANG_WARN_ENUM_CONVERSION = YES;
				CLANG_WARN_INFINITE_RECURSION = YES;
				CLANG_WARN_INT_CONVERSION = YES;
				CLANG_WARN_NON_LITERAL_NULL_CONVERSION = YES;
				CLANG_WARN_OBJC_IMPLICIT_RETAIN_SELF = YES;
				CLANG_WARN_OBJC_LITERAL_CONVERSION = YES;
				CLANG_WARN_OBJC_ROOT_CLASS = YES_ERROR;
				CLANG_WARN_RANGE_LOOP_ANALYSIS = YES;
				CLANG_WARN_STRICT_PROTOTYPES = YES;
				CLANG_WARN_SUSPICIOUS_MOVE = YES;
				CLANG_WARN_UNGUARDED_AVAILABILITY = YES_AGGRESSIVE;
				CLANG_WARN_UNREACHABLE_CODE = YES;
				CLANG_WARN__DUPLICATE_METHOD_MATCH = YES;
				CODE_SIGN_IDENTITY = "-";
				COPY_PHASE_STRIP = NO;
				DEBUG_INFORMATION_FORMAT = "dwarf-with-dsym";
				ENABLE_NS_ASSERTIONS = NO;
				ENABLE_STRICT_OBJC_MSGSEND = YES;
				GCC_C_LANGUAGE_STANDARD = gnu11;
				GCC_NO_COMMON_BLOCKS = YES;
				GCC_WARN_64_TO_32_BIT_CONVERSION = YES;
				GCC_WARN_ABOUT_RETURN_TYPE = YES_ERROR;
				GCC_WARN_UNDECLARED_SELECTOR = YES;
				GCC_WARN_UNINITIALIZED_AUTOS = YES_AGGRESSIVE;
				GCC_WARN_UNUSED_FUNCTION = YES;
				GCC_WARN_UNUSED_VARIABLE = YES;
				MACOSX_DEPLOYMENT_TARGET = 10.12;
				MTL_ENABLE_DEBUG_INFO = NO;
				SDKROOT = macosx;
				SWIFT_OPTIMIZATION_LEVEL = "-Owholemodule";
			};
			name = Release;
		};
		45EC38ED1F9F510200C20FBB /* Debug */ = {
			isa = XCBuildConfiguration;
			buildSettings = {
				ASSETCATALOG_COMPILER_APPICON_NAME = AppIcon;
				CODE_SIGN_ENTITLEMENTS = ballast/ballast.entitlements;
				CODE_SIGN_STYLE = Manual;
				COMBINE_HIDPI_IMAGES = YES;
				DEVELOPMENT_TEAM = "";
				FRAMEWORK_SEARCH_PATHS = (
					"$(inherited)",
					"$(PROJECT_DIR)/Carthage/Build/Mac",
				);
				INFOPLIST_FILE = ballast/Info.plist;
				LD_RUNPATH_SEARCH_PATHS = "$(inherited) @executable_path/../Frameworks";
				MACOSX_DEPLOYMENT_TARGET = 10.11;
				PRODUCT_BUNDLE_IDENTIFIER = nz.jamsinclair.ballast;
				PRODUCT_NAME = "$(TARGET_NAME)";
				PROVISIONING_PROFILE_SPECIFIER = "";
				SWIFT_VERSION = 4.0;
			};
			name = Debug;
		};
		45EC38EE1F9F510200C20FBB /* Release */ = {
			isa = XCBuildConfiguration;
			buildSettings = {
				ASSETCATALOG_COMPILER_APPICON_NAME = AppIcon;
				CODE_SIGN_ENTITLEMENTS = ballast/ballast.entitlements;
				CODE_SIGN_STYLE = Manual;
				COMBINE_HIDPI_IMAGES = YES;
				DEVELOPMENT_TEAM = "";
				FRAMEWORK_SEARCH_PATHS = (
					"$(inherited)",
					"$(PROJECT_DIR)/Carthage/Build/Mac",
				);
				INFOPLIST_FILE = ballast/Info.plist;
				LD_RUNPATH_SEARCH_PATHS = "$(inherited) @executable_path/../Frameworks";
				MACOSX_DEPLOYMENT_TARGET = 10.11;
				PRODUCT_BUNDLE_IDENTIFIER = nz.jamsinclair.ballast;
				PRODUCT_NAME = "$(TARGET_NAME)";
				PROVISIONING_PROFILE_SPECIFIER = "";
				SWIFT_VERSION = 4.0;
			};
			name = Release;
		};
/* End XCBuildConfiguration section */

/* Begin XCConfigurationList section */
		45EC38D91F9F510200C20FBB /* Build configuration list for PBXProject "ballast" */ = {
			isa = XCConfigurationList;
			buildConfigurations = (
				45EC38EA1F9F510200C20FBB /* Debug */,
				45EC38EB1F9F510200C20FBB /* Release */,
			);
			defaultConfigurationIsVisible = 0;
			defaultConfigurationName = Release;
		};
		45EC38EC1F9F510200C20FBB /* Build configuration list for PBXNativeTarget "ballast" */ = {
			isa = XCConfigurationList;
			buildConfigurations = (
				45EC38ED1F9F510200C20FBB /* Debug */,
				45EC38EE1F9F510200C20FBB /* Release */,
			);
			defaultConfigurationIsVisible = 0;
			defaultConfigurationName = Release;
		};
/* End XCConfigurationList section */
	};
	rootObject = 45EC38D61F9F510200C20FBB /* Project object */;
}
